
Microsoft Visual Studio Solution File, Format Version 12.00
# Visual Studio Version 17
VisualStudioVersion = 17.9.34728.123
MinimumVisualStudioVersion = 10.0.40219.1
Project("{FAE04EC0-301F-11D3-BF4B-00C04F79EFBC}") = "DragonBallCharacters", "DragonBallCharacters.csproj", "{79AE3DB4-B84C-49CB-BC58-03628B055A00}"
EndProject
Global
	GlobalSection(SolutionConfigurationPlatforms) = preSolution
		Debug|Any CPU = Debug|Any CPU
		Release|Any CPU = Release|Any CPU
	EndGlobalSection
	GlobalSection(ProjectConfigurationPlatforms) = postSolution
		{79AE3DB4-B84C-49CB-BC58-03628B055A00}.Debug|Any CPU.ActiveCfg = Debug|Any CPU
		{79AE3DB4-B84C-49CB-BC58-03628B055A00}.Debug|Any CPU.Build.0 = Debug|Any CPU
		{79AE3DB4-B84C-49CB-BC58-03628B055A00}.Release|Any CPU.ActiveCfg = Release|Any CPU
		{79AE3DB4-B84C-49CB-BC58-03628B055A00}.Release|Any CPU.Build.0 = Release|Any CPU
	EndGlobalSection
	GlobalSection(SolutionProperties) = preSolution
		HideSolutionNode = FALSE
	EndGlobalSection
	GlobalSection(ExtensibilityGlobals) = postSolution
		SolutionGuid = {1C3EF32F-6BE2-45FD-A8D5-6A8E7AE91AED}
	EndGlobalSection
EndGlobal
